
Microsoft Visual Studio Solution File, Format Version 12.00
# Visual Studio Version 16
VisualStudioVersion = 16.0.32126.315
MinimumVisualStudioVersion = 10.0.40219.1
Project("{2150E333-8FDC-42A3-9474-1A3956D46DE8}") = "03-Exercicio", "03-Exercicio", "{87A66528-5CED-434D-9DD2-EE451DECFD24}"
EndProject
Project("{9A19103F-16F7-4668-BE54-9A1E7A4F7556}") = "Consumo.Combustivel", "Consumo.Combustivel\Consumo.Combustivel.csproj", "{9220F3BF-B467-462D-AA41-9D3B1C0FC67D}"
EndProject
Project("{2150E333-8FDC-42A3-9474-1A3956D46DE8}") = "04-Exercicio", "04-Exercicio", "{2ADC61E1-6F0B-4372-AE0F-5BB54AD7C04A}"
EndProject
Project("{9A19103F-16F7-4668-BE54-9A1E7A4F7556}") = "Calcular.Idade", "Calcular.Idade\Calcular.Idade.csproj", "{E76C6017-6BD7-45C2-80FF-D9D3FF644057}"
EndProject
Project("{2150E333-8FDC-42A3-9474-1A3956D46DE8}") = "05-Exercicio", "05-Exercicio", "{8663A5EE-EE03-47CA-BB0A-176859D2267D}"
EndProject
Project("{9A19103F-16F7-4668-BE54-9A1E7A4F7556}") = "Calculadora", "Calculadora\Calculadora.csproj", "{73591E57-4A73-489D-9EB7-CAFED451D0B1}"
EndProject
Project("{2150E333-8FDC-42A3-9474-1A3956D46DE8}") = "01-Exercicio", "01-Exercicio", "{8E1ADC83-FA37-432D-AE81-F944DB5FD445}"
EndProject
Project("{9A19103F-16F7-4668-BE54-9A1E7A4F7556}") = "Conversor.Em.Real", "Conversor.Em.Real\Conversor.Em.Real.csproj", "{6EBD5473-6629-447F-9F5A-B431DEE68EC8}"
EndProject
Project("{2150E333-8FDC-42A3-9474-1A3956D46DE8}") = "02-Exercicio", "02-Exercicio", "{74C592DB-4BFC-4836-928E-A406BF15F5EC}"
EndProject
Project("{9A19103F-16F7-4668-BE54-9A1E7A4F7556}") = "Conversor.Dolar", "Conversor.Dolar\Conversor.Dolar.csproj", "{56202194-458C-4816-BBC3-25E65A971AD7}"
EndProject
Project("{2150E333-8FDC-42A3-9474-1A3956D46DE8}") = "06-Exercicio", "06-Exercicio", "{42ECC62C-A3B5-439B-8EC4-243AA23EE2D8}"
EndProject
Project("{9A19103F-16F7-4668-BE54-9A1E7A4F7556}") = "Identificador.Vogais", "Identificador.Vogais\Identificador.Vogais.csproj", "{C25FEEBE-AA2D-4087-BD20-67F5DE273186}"
EndProject
Project("{2150E333-8FDC-42A3-9474-1A3956D46DE8}") = "07-Exercicio", "07-Exercicio", "{B2477EBA-D409-4F8F-B024-3E21369C96ED}"
EndProject
Project("{9A19103F-16F7-4668-BE54-9A1E7A4F7556}") = "Identificador.Consoantes", "Identificador.Consoantes\Identificador.Consoantes.csproj", "{6523DF6F-7839-4788-A708-DAADD93E1DB5}"
EndProject
Project("{2150E333-8FDC-42A3-9474-1A3956D46DE8}") = "08-Exercicio", "08-Exercicio", "{985F5C0B-AE45-46F6-B9FF-1615FDE9FE14}"
EndProject
Project("{9A19103F-16F7-4668-BE54-9A1E7A4F7556}") = "Faixa.Etária", "Faixa.Etária\Faixa.Etária.csproj", "{B81846FA-61CF-4FB4-85E3-69AE014ECF25}"
EndProject
Project("{2150E333-8FDC-42A3-9474-1A3956D46DE8}") = "09-Exercicio", "09-Exercicio", "{82D78CFC-CE83-4BA7-B360-12AA2A7F2BDB}"
EndProject
Project("{9A19103F-16F7-4668-BE54-9A1E7A4F7556}") = "Cadastro.Biblioteca", "Cadastro.Biblioteca\Cadastro.Biblioteca.csproj", "{BF5EA35C-6A37-44A1-969D-2623FC652209}"
EndProject
Project("{2150E333-8FDC-42A3-9474-1A3956D46DE8}") = "10-Exercício", "10-Exercício", "{73B2FB37-ED59-4390-8E37-9D00075309FB}"
EndProject
Project("{FAE04EC0-301F-11D3-BF4B-00C04F79EFBC}") = "Algoritmo", "Algoritmo\Algoritmo.csproj", "{73B8ED0D-6D26-40AB-A3C4-71E4EE6B09A4}"
EndProject
Project("{2150E333-8FDC-42A3-9474-1A3956D46DE8}") = "11-Exercicio", "11-Exercicio", "{5E55EABE-5C85-4AD1-9A05-798529A7FD90}"
EndProject
Project("{FAE04EC0-301F-11D3-BF4B-00C04F79EFBC}") = "Cadastro.Aluno", "Cadastro.Aluno\Cadastro.Aluno.csproj", "{80A9FEFF-C8A8-4A02-A275-03D9A2E2A8C8}"
EndProject
Global
	GlobalSection(SolutionConfigurationPlatforms) = preSolution
		Debug|Any CPU = Debug|Any CPU
		Release|Any CPU = Release|Any CPU
	EndGlobalSection
	GlobalSection(ProjectConfigurationPlatforms) = postSolution
		{9220F3BF-B467-462D-AA41-9D3B1C0FC67D}.Debug|Any CPU.ActiveCfg = Debug|Any CPU
		{9220F3BF-B467-462D-AA41-9D3B1C0FC67D}.Debug|Any CPU.Build.0 = Debug|Any CPU
		{9220F3BF-B467-462D-AA41-9D3B1C0FC67D}.Release|Any CPU.ActiveCfg = Release|Any CPU
		{9220F3BF-B467-462D-AA41-9D3B1C0FC67D}.Release|Any CPU.Build.0 = Release|Any CPU
		{E76C6017-6BD7-45C2-80FF-D9D3FF644057}.Debug|Any CPU.ActiveCfg = Debug|Any CPU
		{E76C6017-6BD7-45C2-80FF-D9D3FF644057}.Debug|Any CPU.Build.0 = Debug|Any CPU
		{E76C6017-6BD7-45C2-80FF-D9D3FF644057}.Release|Any CPU.ActiveCfg = Release|Any CPU
		{E76C6017-6BD7-45C2-80FF-D9D3FF644057}.Release|Any CPU.Build.0 = Release|Any CPU
		{73591E57-4A73-489D-9EB7-CAFED451D0B1}.Debug|Any CPU.ActiveCfg = Debug|Any CPU
		{73591E57-4A73-489D-9EB7-CAFED451D0B1}.Debug|Any CPU.Build.0 = Debug|Any CPU
		{73591E57-4A73-489D-9EB7-CAFED451D0B1}.Release|Any CPU.ActiveCfg = Release|Any CPU
		{73591E57-4A73-489D-9EB7-CAFED451D0B1}.Release|Any CPU.Build.0 = Release|Any CPU
		{6EBD5473-6629-447F-9F5A-B431DEE68EC8}.Debug|Any CPU.ActiveCfg = Debug|Any CPU
		{6EBD5473-6629-447F-9F5A-B431DEE68EC8}.Debug|Any CPU.Build.0 = Debug|Any CPU
		{6EBD5473-6629-447F-9F5A-B431DEE68EC8}.Release|Any CPU.ActiveCfg = Release|Any CPU
		{6EBD5473-6629-447F-9F5A-B431DEE68EC8}.Release|Any CPU.Build.0 = Release|Any CPU
		{56202194-458C-4816-BBC3-25E65A971AD7}.Debug|Any CPU.ActiveCfg = Debug|Any CPU
		{56202194-458C-4816-BBC3-25E65A971AD7}.Debug|Any CPU.Build.0 = Debug|Any CPU
		{56202194-458C-4816-BBC3-25E65A971AD7}.Release|Any CPU.ActiveCfg = Release|Any CPU
		{56202194-458C-4816-BBC3-25E65A971AD7}.Release|Any CPU.Build.0 = Release|Any CPU
		{C25FEEBE-AA2D-4087-BD20-67F5DE273186}.Debug|Any CPU.ActiveCfg = Debug|Any CPU
		{C25FEEBE-AA2D-4087-BD20-67F5DE273186}.Debug|Any CPU.Build.0 = Debug|Any CPU
		{C25FEEBE-AA2D-4087-BD20-67F5DE273186}.Release|Any CPU.ActiveCfg = Release|Any CPU
		{C25FEEBE-AA2D-4087-BD20-67F5DE273186}.Release|Any CPU.Build.0 = Release|Any CPU
		{6523DF6F-7839-4788-A708-DAADD93E1DB5}.Debug|Any CPU.ActiveCfg = Debug|Any CPU
		{6523DF6F-7839-4788-A708-DAADD93E1DB5}.Debug|Any CPU.Build.0 = Debug|Any CPU
		{6523DF6F-7839-4788-A708-DAADD93E1DB5}.Release|Any CPU.ActiveCfg = Release|Any CPU
		{6523DF6F-7839-4788-A708-DAADD93E1DB5}.Release|Any CPU.Build.0 = Release|Any CPU
		{B81846FA-61CF-4FB4-85E3-69AE014ECF25}.Debug|Any CPU.ActiveCfg = Debug|Any CPU
		{B81846FA-61CF-4FB4-85E3-69AE014ECF25}.Debug|Any CPU.Build.0 = Debug|Any CPU
		{B81846FA-61CF-4FB4-85E3-69AE014ECF25}.Release|Any CPU.ActiveCfg = Release|Any CPU
		{B81846FA-61CF-4FB4-85E3-69AE014ECF25}.Release|Any CPU.Build.0 = Release|Any CPU
		{BF5EA35C-6A37-44A1-969D-2623FC652209}.Debug|Any CPU.ActiveCfg = Debug|Any CPU
		{BF5EA35C-6A37-44A1-969D-2623FC652209}.Debug|Any CPU.Build.0 = Debug|Any CPU
		{BF5EA35C-6A37-44A1-969D-2623FC652209}.Release|Any CPU.ActiveCfg = Release|Any CPU
		{BF5EA35C-6A37-44A1-969D-2623FC652209}.Release|Any CPU.Build.0 = Release|Any CPU
		{73B8ED0D-6D26-40AB-A3C4-71E4EE6B09A4}.Debug|Any CPU.ActiveCfg = Debug|Any CPU
		{73B8ED0D-6D26-40AB-A3C4-71E4EE6B09A4}.Debug|Any CPU.Build.0 = Debug|Any CPU
		{73B8ED0D-6D26-40AB-A3C4-71E4EE6B09A4}.Release|Any CPU.ActiveCfg = Release|Any CPU
		{73B8ED0D-6D26-40AB-A3C4-71E4EE6B09A4}.Release|Any CPU.Build.0 = Release|Any CPU
		{80A9FEFF-C8A8-4A02-A275-03D9A2E2A8C8}.Debug|Any CPU.ActiveCfg = Debug|Any CPU
		{80A9FEFF-C8A8-4A02-A275-03D9A2E2A8C8}.Debug|Any CPU.Build.0 = Debug|Any CPU
		{80A9FEFF-C8A8-4A02-A275-03D9A2E2A8C8}.Release|Any CPU.ActiveCfg = Release|Any CPU
		{80A9FEFF-C8A8-4A02-A275-03D9A2E2A8C8}.Release|Any CPU.Build.0 = Release|Any CPU
	EndGlobalSection
	GlobalSection(SolutionProperties) = preSolution
		HideSolutionNode = FALSE
	EndGlobalSection
	GlobalSection(NestedProjects) = preSolution
		{9220F3BF-B467-462D-AA41-9D3B1C0FC67D} = {87A66528-5CED-434D-9DD2-EE451DECFD24}
		{E76C6017-6BD7-45C2-80FF-D9D3FF644057} = {2ADC61E1-6F0B-4372-AE0F-5BB54AD7C04A}
		{73591E57-4A73-489D-9EB7-CAFED451D0B1} = {8663A5EE-EE03-47CA-BB0A-176859D2267D}
		{6EBD5473-6629-447F-9F5A-B431DEE68EC8} = {8E1ADC83-FA37-432D-AE81-F944DB5FD445}
		{56202194-458C-4816-BBC3-25E65A971AD7} = {74C592DB-4BFC-4836-928E-A406BF15F5EC}
		{C25FEEBE-AA2D-4087-BD20-67F5DE273186} = {42ECC62C-A3B5-439B-8EC4-243AA23EE2D8}
		{6523DF6F-7839-4788-A708-DAADD93E1DB5} = {B2477EBA-D409-4F8F-B024-3E21369C96ED}
		{B81846FA-61CF-4FB4-85E3-69AE014ECF25} = {985F5C0B-AE45-46F6-B9FF-1615FDE9FE14}
		{BF5EA35C-6A37-44A1-969D-2623FC652209} = {82D78CFC-CE83-4BA7-B360-12AA2A7F2BDB}
		{73B8ED0D-6D26-40AB-A3C4-71E4EE6B09A4} = {73B2FB37-ED59-4390-8E37-9D00075309FB}
		{80A9FEFF-C8A8-4A02-A275-03D9A2E2A8C8} = {5E55EABE-5C85-4AD1-9A05-798529A7FD90}
	EndGlobalSection
	GlobalSection(ExtensibilityGlobals) = postSolution
		SolutionGuid = {9E113FB4-1961-4ACD-B5A1-D5048C76D6A3}
	EndGlobalSection
EndGlobal
